
Microsoft Visual Studio Solution File, Format Version 12.00
# Visual Studio Version 16
VisualStudioVersion = 16.0.29215.179
MinimumVisualStudioVersion = 10.0.40219.1
Project("{FAE04EC0-301F-11D3-BF4B-00C04F79EFBC}") = "ListViewExample_week10.UWP", "ListViewExample_week10\ListViewExample_week10.UWP\ListViewExample_week10.UWP.csproj", "{97CE4E38-109B-4916-8532-B81DD60E6F59}"
EndProject
Project("{FAE04EC0-301F-11D3-BF4B-00C04F79EFBC}") = "ListViewExample_week10.Android", "ListViewExample_week10\ListViewExample_week10.Android\ListViewExample_week10.Android.csproj", "{78F9A3C4-7954-4772-807A-7735BB99D1A1}"
EndProject
Project("{FAE04EC0-301F-11D3-BF4B-00C04F79EFBC}") = "ListViewExample_week10.iOS", "ListViewExample_week10\ListViewExample_week10.iOS\ListViewExample_week10.iOS.csproj", "{D495CC58-94F9-473A-BFD5-F8DE3B42635D}"
EndProject
Project("{FAE04EC0-301F-11D3-BF4B-00C04F79EFBC}") = "ListViewExample_week10", "ListViewExample_week10\ListViewExample_week10\ListViewExample_week10.csproj", "{A2F9C416-8313-444B-A22E-5361E366B062}"
EndProject
Global
	GlobalSection(SolutionConfigurationPlatforms) = preSolution
		Debug|Any CPU = Debug|Any CPU
		Debug|ARM = Debug|ARM
		Debug|iPhone = Debug|iPhone
		Debug|iPhoneSimulator = Debug|iPhoneSimulator
		Debug|x64 = Debug|x64
		Debug|x86 = Debug|x86
		Release|Any CPU = Release|Any CPU
		Release|ARM = Release|ARM
		Release|iPhone = Release|iPhone
		Release|iPhoneSimulator = Release|iPhoneSimulator
		Release|x64 = Release|x64
		Release|x86 = Release|x86
	EndGlobalSection
	GlobalSection(ProjectConfigurationPlatforms) = postSolution
		{97CE4E38-109B-4916-8532-B81DD60E6F59}.Debug|Any CPU.ActiveCfg = Debug|x86
		{97CE4E38-109B-4916-8532-B81DD60E6F59}.Debug|Any CPU.Build.0 = Debug|x86
		{97CE4E38-109B-4916-8532-B81DD60E6F59}.Debug|Any CPU.Deploy.0 = Debug|x86
		{97CE4E38-109B-4916-8532-B81DD60E6F59}.Debug|ARM.ActiveCfg = Debug|ARM
		{97CE4E38-109B-4916-8532-B81DD60E6F59}.Debug|ARM.Build.0 = Debug|ARM
		{97CE4E38-109B-4916-8532-B81DD60E6F59}.Debug|ARM.Deploy.0 = Debug|ARM
		{97CE4E38-109B-4916-8532-B81DD60E6F59}.Debug|iPhone.ActiveCfg = Debug|x86
		{97CE4E38-109B-4916-8532-B81DD60E6F59}.Debug|iPhone.Build.0 = Debug|x86
		{97CE4E38-109B-4916-8532-B81DD60E6F59}.Debug|iPhone.Deploy.0 = Debug|x86
		{97CE4E38-109B-4916-8532-B81DD60E6F59}.Debug|iPhoneSimulator.ActiveCfg = Debug|x86
		{97CE4E38-109B-4916-8532-B81DD60E6F59}.Debug|iPhoneSimulator.Build.0 = Debug|x86
		{97CE4E38-109B-4916-8532-B81DD60E6F59}.Debug|iPhoneSimulator.Deploy.0 = Debug|x86
		{97CE4E38-109B-4916-8532-B81DD60E6F59}.Debug|x64.ActiveCfg = Debug|x64
		{97CE4E38-109B-4916-8532-B81DD60E6F59}.Debug|x64.Build.0 = Debug|x64
		{97CE4E38-109B-4916-8532-B81DD60E6F59}.Debug|x64.Deploy.0 = Debug|x64
		{97CE4E38-109B-4916-8532-B81DD60E6F59}.Debug|x86.ActiveCfg = Debug|x86
		{97CE4E38-109B-4916-8532-B81DD60E6F59}.Debug|x86.Build.0 = Debug|x86
		{97CE4E38-109B-4916-8532-B81DD60E6F59}.Debug|x86.Deploy.0 = Debug|x86
		{97CE4E38-109B-4916-8532-B81DD60E6F59}.Release|Any CPU.ActiveCfg = Release|x86
		{97CE4E38-109B-4916-8532-B81DD60E6F59}.Release|Any CPU.Build.0 = Release|x86
		{97CE4E38-109B-4916-8532-B81DD60E6F59}.Release|Any CPU.Deploy.0 = Release|x86
		{97CE4E38-109B-4916-8532-B81DD60E6F59}.Release|ARM.ActiveCfg = Release|ARM
		{97CE4E38-109B-4916-8532-B81DD60E6F59}.Release|ARM.Build.0 = Release|ARM
		{97CE4E38-109B-4916-8532-B81DD60E6F59}.Release|ARM.Deploy.0 = Release|ARM
		{97CE4E38-109B-4916-8532-B81DD60E6F59}.Release|iPhone.ActiveCfg = Release|x86
		{97CE4E38-109B-4916-8532-B81DD60E6F59}.Release|iPhone.Build.0 = Release|x86
		{97CE4E38-109B-4916-8532-B81DD60E6F59}.Release|iPhone.Deploy.0 = Release|x86
		{97CE4E38-109B-4916-8532-B81DD60E6F59}.Release|iPhoneSimulator.ActiveCfg = Release|x86
		{97CE4E38-109B-4916-8532-B81DD60E6F59}.Release|iPhoneSimulator.Build.0 = Release|x86
		{97CE4E38-109B-4916-8532-B81DD60E6F59}.Release|iPhoneSimulator.Deploy.0 = Release|x86
		{97CE4E38-109B-4916-8532-B81DD60E6F59}.Release|x64.ActiveCfg = Release|x64
		{97CE4E38-109B-4916-8532-B81DD60E6F59}.Release|x64.Build.0 = Release|x64
		{97CE4E38-109B-4916-8532-B81DD60E6F59}.Release|x64.Deploy.0 = Release|x64
		{97CE4E38-109B-4916-8532-B81DD60E6F59}.Release|x86.ActiveCfg = Release|x86
		{97CE4E38-109B-4916-8532-B81DD60E6F59}.Release|x86.Build.0 = Release|x86
		{97CE4E38-109B-4916-8532-B81DD60E6F59}.Release|x86.Deploy.0 = Release|x86
		{78F9A3C4-7954-4772-807A-7735BB99D1A1}.Debug|Any CPU.ActiveCfg = Debug|Any CPU
		{78F9A3C4-7954-4772-807A-7735BB99D1A1}.Debug|Any CPU.Build.0 = Debug|Any CPU
		{78F9A3C4-7954-4772-807A-7735BB99D1A1}.Debug|Any CPU.Deploy.0 = Debug|Any CPU
		{78F9A3C4-7954-4772-807A-7735BB99D1A1}.Debug|ARM.ActiveCfg = Debug|Any CPU
		{78F9A3C4-7954-4772-807A-7735BB99D1A1}.Debug|ARM.Build.0 = Debug|Any CPU
		{78F9A3C4-7954-4772-807A-7735BB99D1A1}.Debug|ARM.Deploy.0 = Debug|Any CPU
		{78F9A3C4-7954-4772-807A-7735BB99D1A1}.Debug|iPhone.ActiveCfg = Debug|Any CPU
		{78F9A3C4-7954-4772-807A-7735BB99D1A1}.Debug|iPhone.Build.0 = Debug|Any CPU
		{78F9A3C4-7954-4772-807A-7735BB99D1A1}.Debug|iPhone.Deploy.0 = Debug|Any CPU
		{78F9A3C4-7954-4772-807A-7735BB99D1A1}.Debug|iPhoneSimulator.ActiveCfg = Debug|Any CPU
		{78F9A3C4-7954-4772-807A-7735BB99D1A1}.Debug|iPhoneSimulator.Build.0 = Debug|Any CPU
		{78F9A3C4-7954-4772-807A-7735BB99D1A1}.Debug|iPhoneSimulator.Deploy.0 = Debug|Any CPU
		{78F9A3C4-7954-4772-807A-7735BB99D1A1}.Debug|x64.ActiveCfg = Debug|Any CPU
		{78F9A3C4-7954-4772-807A-7735BB99D1A1}.Debug|x64.Build.0 = Debug|Any CPU
		{78F9A3C4-7954-4772-807A-7735BB99D1A1}.Debug|x64.Deploy.0 = Debug|Any CPU
		{78F9A3C4-7954-4772-807A-7735BB99D1A1}.Debug|x86.ActiveCfg = Debug|Any CPU
		{78F9A3C4-7954-4772-807A-7735BB99D1A1}.Debug|x86.Build.0 = Debug|Any CPU
		{78F9A3C4-7954-4772-807A-7735BB99D1A1}.Debug|x86.Deploy.0 = Debug|Any CPU
		{78F9A3C4-7954-4772-807A-7735BB99D1A1}.Release|Any CPU.ActiveCfg = Release|Any CPU
		{78F9A3C4-7954-4772-807A-7735BB99D1A1}.Release|Any CPU.Build.0 = Release|Any CPU
		{78F9A3C4-7954-4772-807A-7735BB99D1A1}.Release|Any CPU.Deploy.0 = Release|Any CPU
		{78F9A3C4-7954-4772-807A-7735BB99D1A1}.Release|ARM.ActiveCfg = Release|Any CPU
		{78F9A3C4-7954-4772-807A-7735BB99D1A1}.Release|ARM.Build.0 = Release|Any CPU
		{78F9A3C4-7954-4772-807A-7735BB99D1A1}.Release|ARM.Deploy.0 = Release|Any CPU
		{78F9A3C4-7954-4772-807A-7735BB99D1A1}.Release|iPhone.ActiveCfg = Release|Any CPU
		{78F9A3C4-7954-4772-807A-7735BB99D1A1}.Release|iPhone.Build.0 = Release|Any CPU
		{78F9A3C4-7954-4772-807A-7735BB99D1A1}.Release|iPhone.Deploy.0 = Release|Any CPU
		{78F9A3C4-7954-4772-807A-7735BB99D1A1}.Release|iPhoneSimulator.ActiveCfg = Release|Any CPU
		{78F9A3C4-7954-4772-807A-7735BB99D1A1}.Release|iPhoneSimulator.Build.0 = Release|Any CPU
		{78F9A3C4-7954-4772-807A-7735BB99D1A1}.Release|iPhoneSimulator.Deploy.0 = Release|Any CPU
		{78F9A3C4-7954-4772-807A-7735BB99D1A1}.Release|x64.ActiveCfg = Release|Any CPU
		{78F9A3C4-7954-4772-807A-7735BB99D1A1}.Release|x64.Build.0 = Release|Any CPU
		{78F9A3C4-7954-4772-807A-7735BB99D1A1}.Release|x64.Deploy.0 = Release|Any CPU
		{78F9A3C4-7954-4772-807A-7735BB99D1A1}.Release|x86.ActiveCfg = Release|Any CPU
		{78F9A3C4-7954-4772-807A-7735BB99D1A1}.Release|x86.Build.0 = Release|Any CPU
		{78F9A3C4-7954-4772-807A-7735BB99D1A1}.Release|x86.Deploy.0 = Release|Any CPU
		{D495CC58-94F9-473A-BFD5-F8DE3B42635D}.Debug|Any CPU.ActiveCfg = Debug|iPhone
		{D495CC58-94F9-473A-BFD5-F8DE3B42635D}.Debug|Any CPU.Build.0 = Debug|iPhone
		{D495CC58-94F9-473A-BFD5-F8DE3B42635D}.Debug|Any CPU.Deploy.0 = Debug|iPhone
		{D495CC58-94F9-473A-BFD5-F8DE3B42635D}.Debug|ARM.ActiveCfg = Debug|iPhoneSimulator
		{D495CC58-94F9-473A-BFD5-F8DE3B42635D}.Debug|ARM.Build.0 = Debug|iPhoneSimulator
		{D495CC58-94F9-473A-BFD5-F8DE3B42635D}.Debug|ARM.Deploy.0 = Debug|iPhoneSimulator
		{D495CC58-94F9-473A-BFD5-F8DE3B42635D}.Debug|iPhone.ActiveCfg = Debug|iPhone
		{D495CC58-94F9-473A-BFD5-F8DE3B42635D}.Debug|iPhone.Build.0 = Debug|iPhone
		{D495CC58-94F9-473A-BFD5-F8DE3B42635D}.Debug|iPhone.Deploy.0 = Debug|iPhone
		{D495CC58-94F9-473A-BFD5-F8DE3B42635D}.Debug|iPhoneSimulator.ActiveCfg = Debug|iPhoneSimulator
		{D495CC58-94F9-473A-BFD5-F8DE3B42635D}.Debug|iPhoneSimulator.Build.0 = Debug|iPhoneSimulator
		{D495CC58-94F9-473A-BFD5-F8DE3B42635D}.Debug|iPhoneSimulator.Deploy.0 = Debug|iPhoneSimulator
		{D495CC58-94F9-473A-BFD5-F8DE3B42635D}.Debug|x64.ActiveCfg = Debug|iPhone
		{D495CC58-94F9-473A-BFD5-F8DE3B42635D}.Debug|x64.Build.0 = Debug|iPhone
		{D495CC58-94F9-473A-BFD5-F8DE3B42635D}.Debug|x64.Deploy.0 = Debug|iPhone
		{D495CC58-94F9-473A-BFD5-F8DE3B42635D}.Debug|x86.ActiveCfg = Debug|iPhone
		{D495CC58-94F9-473A-BFD5-F8DE3B42635D}.Debug|x86.Build.0 = Debug|iPhone
		{D495CC58-94F9-473A-BFD5-F8DE3B42635D}.Debug|x86.Deploy.0 = Debug|iPhone
		{D495CC58-94F9-473A-BFD5-F8DE3B42635D}.Release|Any CPU.ActiveCfg = Release|iPhone
		{D495CC58-94F9-473A-BFD5-F8DE3B42635D}.Release|Any CPU.Build.0 = Release|iPhone
		{D495CC58-94F9-473A-BFD5-F8DE3B42635D}.Release|Any CPU.Deploy.0 = Release|iPhone
		{D495CC58-94F9-473A-BFD5-F8DE3B42635D}.Release|ARM.ActiveCfg = Release|iPhone
		{D495CC58-94F9-473A-BFD5-F8DE3B42635D}.Release|ARM.Build.0 = Release|iPhone
		{D495CC58-94F9-473A-BFD5-F8DE3B42635D}.Release|ARM.Deploy.0 = Release|iPhone
		{D495CC58-94F9-473A-BFD5-F8DE3B42635D}.Release|iPhone.ActiveCfg = Release|iPhone
		{D495CC58-94F9-473A-BFD5-F8DE3B42635D}.Release|iPhone.Build.0 = Release|iPhone
		{D495CC58-94F9-473A-BFD5-F8DE3B42635D}.Release|iPhone.Deploy.0 = Release|iPhone
		{D495CC58-94F9-473A-BFD5-F8DE3B42635D}.Release|iPhoneSimulator.ActiveCfg = Release|iPhoneSimulator
		{D495CC58-94F9-473A-BFD5-F8DE3B42635D}.Release|iPhoneSimulator.Build.0 = Release|iPhoneSimulator
		{D495CC58-94F9-473A-BFD5-F8DE3B42635D}.Release|iPhoneSimulator.Deploy.0 = Release|iPhoneSimulator
		{D495CC58-94F9-473A-BFD5-F8DE3B42635D}.Release|x64.ActiveCfg = Release|iPhone
		{D495CC58-94F9-473A-BFD5-F8DE3B42635D}.Release|x64.Build.0 = Release|iPhone
		{D495CC58-94F9-473A-BFD5-F8DE3B42635D}.Release|x64.Deploy.0 = Release|iPhone
		{D495CC58-94F9-473A-BFD5-F8DE3B42635D}.Release|x86.ActiveCfg = Release|iPhone
		{D495CC58-94F9-473A-BFD5-F8DE3B42635D}.Release|x86.Build.0 = Release|iPhone
		{D495CC58-94F9-473A-BFD5-F8DE3B42635D}.Release|x86.Deploy.0 = Release|iPhone
		{A2F9C416-8313-444B-A22E-5361E366B062}.Debug|Any CPU.ActiveCfg = Debug|Any CPU
		{A2F9C416-8313-444B-A22E-5361E366B062}.Debug|Any CPU.Build.0 = Debug|Any CPU
		{A2F9C416-8313-444B-A22E-5361E366B062}.Debug|Any CPU.Deploy.0 = Debug|Any CPU
		{A2F9C416-8313-444B-A22E-5361E366B062}.Debug|ARM.ActiveCfg = Debug|Any CPU
		{A2F9C416-8313-444B-A22E-5361E366B062}.Debug|ARM.Build.0 = Debug|Any CPU
		{A2F9C416-8313-444B-A22E-5361E366B062}.Debug|ARM.Deploy.0 = Debug|Any CPU
		{A2F9C416-8313-444B-A22E-5361E366B062}.Debug|iPhone.ActiveCfg = Debug|Any CPU
		{A2F9C416-8313-444B-A22E-5361E366B062}.Debug|iPhone.Build.0 = Debug|Any CPU
		{A2F9C416-8313-444B-A22E-5361E366B062}.Debug|iPhone.Deploy.0 = Debug|Any CPU
		{A2F9C416-8313-444B-A22E-5361E366B062}.Debug|iPhoneSimulator.ActiveCfg = Debug|Any CPU
		{A2F9C416-8313-444B-A22E-5361E366B062}.Debug|iPhoneSimulator.Build.0 = Debug|Any CPU
		{A2F9C416-8313-444B-A22E-5361E366B062}.Debug|iPhoneSimulator.Deploy.0 = Debug|Any CPU
		{A2F9C416-8313-444B-A22E-5361E366B062}.Debug|x64.ActiveCfg = Debug|Any CPU
		{A2F9C416-8313-444B-A22E-5361E366B062}.Debug|x64.Build.0 = Debug|Any CPU
		{A2F9C416-8313-444B-A22E-5361E366B062}.Debug|x64.Deploy.0 = Debug|Any CPU
		{A2F9C416-8313-444B-A22E-5361E366B062}.Debug|x86.ActiveCfg = Debug|Any CPU
		{A2F9C416-8313-444B-A22E-5361E366B062}.Debug|x86.Build.0 = Debug|Any CPU
		{A2F9C416-8313-444B-A22E-5361E366B062}.Debug|x86.Deploy.0 = Debug|Any CPU
		{A2F9C416-8313-444B-A22E-5361E366B062}.Release|Any CPU.ActiveCfg = Release|Any CPU
		{A2F9C416-8313-444B-A22E-5361E366B062}.Release|Any CPU.Build.0 = Release|Any CPU
		{A2F9C416-8313-444B-A22E-5361E366B062}.Release|Any CPU.Deploy.0 = Release|Any CPU
		{A2F9C416-8313-444B-A22E-5361E366B062}.Release|ARM.ActiveCfg = Release|Any CPU
		{A2F9C416-8313-444B-A22E-5361E366B062}.Release|ARM.Build.0 = Release|Any CPU
		{A2F9C416-8313-444B-A22E-5361E366B062}.Release|ARM.Deploy.0 = Release|Any CPU
		{A2F9C416-8313-444B-A22E-5361E366B062}.Release|iPhone.ActiveCfg = Release|Any CPU
		{A2F9C416-8313-444B-A22E-5361E366B062}.Release|iPhone.Build.0 = Release|Any CPU
		{A2F9C416-8313-444B-A22E-5361E366B062}.Release|iPhone.Deploy.0 = Release|Any CPU
		{A2F9C416-8313-444B-A22E-5361E366B062}.Release|iPhoneSimulator.ActiveCfg = Release|Any CPU
		{A2F9C416-8313-444B-A22E-5361E366B062}.Release|iPhoneSimulator.Build.0 = Release|Any CPU
		{A2F9C416-8313-444B-A22E-5361E366B062}.Release|iPhoneSimulator.Deploy.0 = Release|Any CPU
		{A2F9C416-8313-444B-A22E-5361E366B062}.Release|x64.ActiveCfg = Release|Any CPU
		{A2F9C416-8313-444B-A22E-5361E366B062}.Release|x64.Build.0 = Release|Any CPU
		{A2F9C416-8313-444B-A22E-5361E366B062}.Release|x64.Deploy.0 = Release|Any CPU
		{A2F9C416-8313-444B-A22E-5361E366B062}.Release|x86.ActiveCfg = Release|Any CPU
		{A2F9C416-8313-444B-A22E-5361E366B062}.Release|x86.Build.0 = Release|Any CPU
		{A2F9C416-8313-444B-A22E-5361E366B062}.Release|x86.Deploy.0 = Release|Any CPU
	EndGlobalSection
	GlobalSection(SolutionProperties) = preSolution
		HideSolutionNode = FALSE
	EndGlobalSection
	GlobalSection(ExtensibilityGlobals) = postSolution
		SolutionGuid = {4C99D6D1-67D5-42A0-9DF0-469E5F74C0DD}
	EndGlobalSection
EndGlobal
